schema: '2.0'
stages:
  preprocess:
    cmd: python src/data/make_dataset.py
    deps:
    - path: data/raw_data
      hash: md5
      md5: 41dee78430cbebe25be9986bbb599d4a.dir
      size: 333757
      nfiles: 1
    - path: src/data/make_dataset.py
      hash: md5
      md5: ca5bb29bbbe770b78075e6c83ba66ea0
      size: 2231
    outs:
    - path: data/processed_data
      hash: md5
      md5: f13c38846df5609494967c1d1513534e.dir
      size: 583889
      nfiles: 6
