schema: '2.0'
stages:
  preprocess:
    cmd: python src/data/make_dataset.py
    deps:
    - path: data/raw_data
      hash: md5
      md5: 41dee78430cbebe25be9986bbb599d4a.dir
      size: 333757
      nfiles: 1
    - path: src/data/make_dataset.py
      hash: md5
      md5: ca5bb29bbbe770b78075e6c83ba66ea0
      size: 2231
    outs:
    - path: data/processed_data
      hash: md5
      md5: f13c38846df5609494967c1d1513534e.dir
      size: 583889
      nfiles: 6
  gridsearch:
    cmd: python src/models/train_gridsearch.py
    deps:
    - path: data/processed_data
      hash: md5
      md5: f13c38846df5609494967c1d1513534e.dir
      size: 583889
      nfiles: 6
    - path: src/models/train_gridsearch.py
      hash: md5
      md5: a1456c545f7085566ce05eb0c90df1d0
      size: 1424
    outs:
    - path: models/gridsearch_model.pkl
      hash: md5
      md5: 06ae0fe332d4b998a5615af9825092ad
      size: 2398347
  trainmodel:
    cmd: python src/models/train_model.py
    deps:
    - path: data/processed_data
      hash: md5
      md5: f13c38846df5609494967c1d1513534e.dir
      size: 583889
      nfiles: 6
    - path: src/models/train_model.py
      hash: md5
      md5: a1d0ed7a71b4bf320e1aa5c62f126961
      size: 1214
    outs:
    - path: models/trained_model.pkl
      hash: md5
      md5: 79d5921b53f8e8e7aded4bf6d807de7e
      size: 2373409
  evaluation:
    cmd: python src/models/evaluate_model.py
    deps:
    - path: models/trained_model.pkl
      hash: md5
      md5: 79d5921b53f8e8e7aded4bf6d807de7e
      size: 2373409
    - path: src/models/evaluate_model.py
      hash: md5
      md5: 47118d5d965b997ff8f5a14fa19374b3
      size: 1549
    outs:
    - path: metrics/scores.json
      hash: md5
      md5: f8ef14d3c3b012945e1164c3abed7db2
      size: 114
